
Microsoft Visual Studio Solution File, Format Version 12.00
# Visual Studio Version 17
VisualStudioVersion = 17.8.34525.116
MinimumVisualStudioVersion = 10.0.40219.1
Project("{FAE04EC0-301F-11D3-BF4B-00C04F79EFBC}") = "Recursive", "Recursive\Recursive.csproj", "{6F3E22AA-9D99-4D9A-B7E7-94DF30F81054}"
EndProject
Global
	GlobalSection(SolutionConfigurationPlatforms) = preSolution
		Debug|Any CPU = Debug|Any CPU
		Release|Any CPU = Release|Any CPU
	EndGlobalSection
	GlobalSection(ProjectConfigurationPlatforms) = postSolution
		{6F3E22AA-9D99-4D9A-B7E7-94DF30F81054}.Debug|Any CPU.ActiveCfg = Debug|Any CPU
		{6F3E22AA-9D99-4D9A-B7E7-94DF30F81054}.Debug|Any CPU.Build.0 = Debug|Any CPU
		{6F3E22AA-9D99-4D9A-B7E7-94DF30F81054}.Release|Any CPU.ActiveCfg = Release|Any CPU
		{6F3E22AA-9D99-4D9A-B7E7-94DF30F81054}.Release|Any CPU.Build.0 = Release|Any CPU
	EndGlobalSection
	GlobalSection(SolutionProperties) = preSolution
		HideSolutionNode = FALSE
	EndGlobalSection
	GlobalSection(ExtensibilityGlobals) = postSolution
		SolutionGuid = {8D6985A6-3B0C-41C0-AD4C-6F4B43B5BF8E}
	EndGlobalSection
EndGlobal
